
Microsoft Visual Studio Solution File, Format Version 12.00
# Visual Studio 2012
Project("{8BC9CEB8-8B4A-11D0-8D11-00A0C91BC942}") = "HTL", "HTL\HTL.vcxproj", "{ACF071E2-DCF3-471C-8BAB-8326632FE1F1}"
EndProject
Project("{8BC9CEB8-8B4A-11D0-8D11-00A0C91BC942}") = "GtCore", "GtCore\GtCore.vcxproj", "{64D0ABF0-8EB1-41FA-ABD7-F5109E8A1066}"
	ProjectSection(ProjectDependencies) = postProject
		{ACF071E2-DCF3-471C-8BAB-8326632FE1F1} = {ACF071E2-DCF3-471C-8BAB-8326632FE1F1}
	EndProjectSection
EndProject
Project("{8BC9CEB8-8B4A-11D0-8D11-00A0C91BC942}") = "GtGui", "GtGui\GtGui.vcxproj", "{DFCCDAFD-74CD-453A-A6E1-96E40241E142}"
	ProjectSection(ProjectDependencies) = postProject
		{ACF071E2-DCF3-471C-8BAB-8326632FE1F1} = {ACF071E2-DCF3-471C-8BAB-8326632FE1F1}
		{64D0ABF0-8EB1-41FA-ABD7-F5109E8A1066} = {64D0ABF0-8EB1-41FA-ABD7-F5109E8A1066}
	EndProjectSection
EndProject
Project("{8BC9CEB8-8B4A-11D0-8D11-00A0C91BC942}") = "GtOpenGL", "GtOpenGL\GtOpenGL.vcxproj", "{43584FA4-765A-4146-A97B-F165814C39D4}"
	ProjectSection(ProjectDependencies) = postProject
		{ACF071E2-DCF3-471C-8BAB-8326632FE1F1} = {ACF071E2-DCF3-471C-8BAB-8326632FE1F1}
		{64D0ABF0-8EB1-41FA-ABD7-F5109E8A1066} = {64D0ABF0-8EB1-41FA-ABD7-F5109E8A1066}
		{DFCCDAFD-74CD-453A-A6E1-96E40241E142} = {DFCCDAFD-74CD-453A-A6E1-96E40241E142}
	EndProjectSection
EndProject
Project("{8BC9CEB8-8B4A-11D0-8D11-00A0C91BC942}") = "GtChart", "GtChart\GtChart.vcxproj", "{38C2DD7A-E447-4CF9-B73E-9E685CADE025}"
	ProjectSection(ProjectDependencies) = postProject
		{43584FA4-765A-4146-A97B-F165814C39D4} = {43584FA4-765A-4146-A97B-F165814C39D4}
		{ACF071E2-DCF3-471C-8BAB-8326632FE1F1} = {ACF071E2-DCF3-471C-8BAB-8326632FE1F1}
		{64D0ABF0-8EB1-41FA-ABD7-F5109E8A1066} = {64D0ABF0-8EB1-41FA-ABD7-F5109E8A1066}
		{DFCCDAFD-74CD-453A-A6E1-96E40241E142} = {DFCCDAFD-74CD-453A-A6E1-96E40241E142}
	EndProjectSection
EndProject
Project("{8BC9CEB8-8B4A-11D0-8D11-00A0C91BC942}") = "GtTest_07_ListView", "GtTest_07_ListView\GtTest_07_ListView.vcxproj", "{076898E9-6AA7-4087-9C48-971F3362F256}"
	ProjectSection(ProjectDependencies) = postProject
		{ACF071E2-DCF3-471C-8BAB-8326632FE1F1} = {ACF071E2-DCF3-471C-8BAB-8326632FE1F1}
		{64D0ABF0-8EB1-41FA-ABD7-F5109E8A1066} = {64D0ABF0-8EB1-41FA-ABD7-F5109E8A1066}
		{DFCCDAFD-74CD-453A-A6E1-96E40241E142} = {DFCCDAFD-74CD-453A-A6E1-96E40241E142}
	EndProjectSection
EndProject
Project("{8BC9CEB8-8B4A-11D0-8D11-00A0C91BC942}") = "GtTest_08_TableView", "GtTest_08_TableView\GtTest_08_TableView.vcxproj", "{75AD41F3-D2E9-4A9E-B6DD-E53EDCDAEA3C}"
	ProjectSection(ProjectDependencies) = postProject
		{ACF071E2-DCF3-471C-8BAB-8326632FE1F1} = {ACF071E2-DCF3-471C-8BAB-8326632FE1F1}
		{64D0ABF0-8EB1-41FA-ABD7-F5109E8A1066} = {64D0ABF0-8EB1-41FA-ABD7-F5109E8A1066}
		{DFCCDAFD-74CD-453A-A6E1-96E40241E142} = {DFCCDAFD-74CD-453A-A6E1-96E40241E142}
	EndProjectSection
EndProject
Project("{8BC9CEB8-8B4A-11D0-8D11-00A0C91BC942}") = "GtTest_09_TreeView", "GtTest_09_TreeView\GtTest_09_TreeView.vcxproj", "{FD172BDD-1BAF-4C0B-B992-4289F8F7D093}"
	ProjectSection(ProjectDependencies) = postProject
		{ACF071E2-DCF3-471C-8BAB-8326632FE1F1} = {ACF071E2-DCF3-471C-8BAB-8326632FE1F1}
		{64D0ABF0-8EB1-41FA-ABD7-F5109E8A1066} = {64D0ABF0-8EB1-41FA-ABD7-F5109E8A1066}
		{DFCCDAFD-74CD-453A-A6E1-96E40241E142} = {DFCCDAFD-74CD-453A-A6E1-96E40241E142}
	EndProjectSection
EndProject
Project("{8BC9CEB8-8B4A-11D0-8D11-00A0C91BC942}") = "GtTest_02_Simple", "GtTest_02_Simple\GtTest_02_Simple.vcxproj", "{2C5B4A28-5721-4267-AC35-58815DC6A8EB}"
EndProject
Project("{8BC9CEB8-8B4A-11D0-8D11-00A0C91BC942}") = "GtTest_03_ToolBox", "GtTest_03_ToolBox\GtTest_03_ToolBox.vcxproj", "{75D8B081-BCA9-42BD-83D0-741545192C3E}"
	ProjectSection(ProjectDependencies) = postProject
		{38C2DD7A-E447-4CF9-B73E-9E685CADE025} = {38C2DD7A-E447-4CF9-B73E-9E685CADE025}
		{43584FA4-765A-4146-A97B-F165814C39D4} = {43584FA4-765A-4146-A97B-F165814C39D4}
		{ACF071E2-DCF3-471C-8BAB-8326632FE1F1} = {ACF071E2-DCF3-471C-8BAB-8326632FE1F1}
		{64D0ABF0-8EB1-41FA-ABD7-F5109E8A1066} = {64D0ABF0-8EB1-41FA-ABD7-F5109E8A1066}
		{DFCCDAFD-74CD-453A-A6E1-96E40241E142} = {DFCCDAFD-74CD-453A-A6E1-96E40241E142}
	EndProjectSection
EndProject
Project("{8BC9CEB8-8B4A-11D0-8D11-00A0C91BC942}") = "GtTest_04_TabView", "GtTest_04_TabView\GtTest_04_TabView.vcxproj", "{96C65673-04F6-4F45-BC34-9FE0AE38E0EC}"
	ProjectSection(ProjectDependencies) = postProject
		{38C2DD7A-E447-4CF9-B73E-9E685CADE025} = {38C2DD7A-E447-4CF9-B73E-9E685CADE025}
		{43584FA4-765A-4146-A97B-F165814C39D4} = {43584FA4-765A-4146-A97B-F165814C39D4}
		{ACF071E2-DCF3-471C-8BAB-8326632FE1F1} = {ACF071E2-DCF3-471C-8BAB-8326632FE1F1}
		{64D0ABF0-8EB1-41FA-ABD7-F5109E8A1066} = {64D0ABF0-8EB1-41FA-ABD7-F5109E8A1066}
		{DFCCDAFD-74CD-453A-A6E1-96E40241E142} = {DFCCDAFD-74CD-453A-A6E1-96E40241E142}
	EndProjectSection
EndProject
Project("{8BC9CEB8-8B4A-11D0-8D11-00A0C91BC942}") = "GtTest_05_ScrollArea", "GtTest_05_ScrollArea\GtTest_05_ScrollArea.vcxproj", "{113187FF-681B-4162-9BD7-577C6C2E6489}"
	ProjectSection(ProjectDependencies) = postProject
		{38C2DD7A-E447-4CF9-B73E-9E685CADE025} = {38C2DD7A-E447-4CF9-B73E-9E685CADE025}
		{43584FA4-765A-4146-A97B-F165814C39D4} = {43584FA4-765A-4146-A97B-F165814C39D4}
		{ACF071E2-DCF3-471C-8BAB-8326632FE1F1} = {ACF071E2-DCF3-471C-8BAB-8326632FE1F1}
		{64D0ABF0-8EB1-41FA-ABD7-F5109E8A1066} = {64D0ABF0-8EB1-41FA-ABD7-F5109E8A1066}
		{DFCCDAFD-74CD-453A-A6E1-96E40241E142} = {DFCCDAFD-74CD-453A-A6E1-96E40241E142}
	EndProjectSection
EndProject
Project("{8BC9CEB8-8B4A-11D0-8D11-00A0C91BC942}") = "GtTest_06_Modal", "GtTest_06_Modal\GtTest_06_Modal.vcxproj", "{96BB4806-0B78-4079-A265-B37C17A2326C}"
	ProjectSection(ProjectDependencies) = postProject
		{38C2DD7A-E447-4CF9-B73E-9E685CADE025} = {38C2DD7A-E447-4CF9-B73E-9E685CADE025}
		{43584FA4-765A-4146-A97B-F165814C39D4} = {43584FA4-765A-4146-A97B-F165814C39D4}
		{ACF071E2-DCF3-471C-8BAB-8326632FE1F1} = {ACF071E2-DCF3-471C-8BAB-8326632FE1F1}
		{64D0ABF0-8EB1-41FA-ABD7-F5109E8A1066} = {64D0ABF0-8EB1-41FA-ABD7-F5109E8A1066}
		{DFCCDAFD-74CD-453A-A6E1-96E40241E142} = {DFCCDAFD-74CD-453A-A6E1-96E40241E142}
	EndProjectSection
EndProject
Project("{8BC9CEB8-8B4A-11D0-8D11-00A0C91BC942}") = "GtTest_10_OpenGL", "GtTest_10_OpenGL\GtTest_10_OpenGL.vcxproj", "{BC13FFE5-8CB7-4AF5-8095-82D345643E4D}"
	ProjectSection(ProjectDependencies) = postProject
		{38C2DD7A-E447-4CF9-B73E-9E685CADE025} = {38C2DD7A-E447-4CF9-B73E-9E685CADE025}
		{43584FA4-765A-4146-A97B-F165814C39D4} = {43584FA4-765A-4146-A97B-F165814C39D4}
		{ACF071E2-DCF3-471C-8BAB-8326632FE1F1} = {ACF071E2-DCF3-471C-8BAB-8326632FE1F1}
		{64D0ABF0-8EB1-41FA-ABD7-F5109E8A1066} = {64D0ABF0-8EB1-41FA-ABD7-F5109E8A1066}
		{DFCCDAFD-74CD-453A-A6E1-96E40241E142} = {DFCCDAFD-74CD-453A-A6E1-96E40241E142}
	EndProjectSection
EndProject
Project("{8BC9CEB8-8B4A-11D0-8D11-00A0C91BC942}") = "GtTest_11_SimpleChart", "GtTest_11_SimpleChart\GtTest_11_SimpleChart.vcxproj", "{2053FE8A-2D0E-41E3-92BF-E52C44CCF09D}"
	ProjectSection(ProjectDependencies) = postProject
		{38C2DD7A-E447-4CF9-B73E-9E685CADE025} = {38C2DD7A-E447-4CF9-B73E-9E685CADE025}
		{43584FA4-765A-4146-A97B-F165814C39D4} = {43584FA4-765A-4146-A97B-F165814C39D4}
		{ACF071E2-DCF3-471C-8BAB-8326632FE1F1} = {ACF071E2-DCF3-471C-8BAB-8326632FE1F1}
		{64D0ABF0-8EB1-41FA-ABD7-F5109E8A1066} = {64D0ABF0-8EB1-41FA-ABD7-F5109E8A1066}
		{DFCCDAFD-74CD-453A-A6E1-96E40241E142} = {DFCCDAFD-74CD-453A-A6E1-96E40241E142}
	EndProjectSection
EndProject
Project("{8BC9CEB8-8B4A-11D0-8D11-00A0C91BC942}") = "GtTest_12_LogChart", "GtTest_12_LogChart\GtTest_12_LogChart.vcxproj", "{10DD2432-39C8-469E-8683-3F0AA413F189}"
	ProjectSection(ProjectDependencies) = postProject
		{38C2DD7A-E447-4CF9-B73E-9E685CADE025} = {38C2DD7A-E447-4CF9-B73E-9E685CADE025}
		{43584FA4-765A-4146-A97B-F165814C39D4} = {43584FA4-765A-4146-A97B-F165814C39D4}
		{ACF071E2-DCF3-471C-8BAB-8326632FE1F1} = {ACF071E2-DCF3-471C-8BAB-8326632FE1F1}
		{64D0ABF0-8EB1-41FA-ABD7-F5109E8A1066} = {64D0ABF0-8EB1-41FA-ABD7-F5109E8A1066}
		{DFCCDAFD-74CD-453A-A6E1-96E40241E142} = {DFCCDAFD-74CD-453A-A6E1-96E40241E142}
	EndProjectSection
EndProject
Project("{8BC9CEB8-8B4A-11D0-8D11-00A0C91BC942}") = "GtTest_14_PieChart", "GtTest_14_PieChart\GtTest_14_PieChart.vcxproj", "{75AC57DC-B0B8-427E-B2AC-B58701310159}"
	ProjectSection(ProjectDependencies) = postProject
		{38C2DD7A-E447-4CF9-B73E-9E685CADE025} = {38C2DD7A-E447-4CF9-B73E-9E685CADE025}
		{43584FA4-765A-4146-A97B-F165814C39D4} = {43584FA4-765A-4146-A97B-F165814C39D4}
		{ACF071E2-DCF3-471C-8BAB-8326632FE1F1} = {ACF071E2-DCF3-471C-8BAB-8326632FE1F1}
		{64D0ABF0-8EB1-41FA-ABD7-F5109E8A1066} = {64D0ABF0-8EB1-41FA-ABD7-F5109E8A1066}
		{DFCCDAFD-74CD-453A-A6E1-96E40241E142} = {DFCCDAFD-74CD-453A-A6E1-96E40241E142}
	EndProjectSection
EndProject
Project("{8BC9CEB8-8B4A-11D0-8D11-00A0C91BC942}") = "GtTest_15_MultiPlot", "GtTest_15_MultiPlot\GtTest_15_MultiPlot.vcxproj", "{8F91D016-9759-4EAC-925C-F93687E19E53}"
	ProjectSection(ProjectDependencies) = postProject
		{38C2DD7A-E447-4CF9-B73E-9E685CADE025} = {38C2DD7A-E447-4CF9-B73E-9E685CADE025}
		{43584FA4-765A-4146-A97B-F165814C39D4} = {43584FA4-765A-4146-A97B-F165814C39D4}
		{ACF071E2-DCF3-471C-8BAB-8326632FE1F1} = {ACF071E2-DCF3-471C-8BAB-8326632FE1F1}
		{64D0ABF0-8EB1-41FA-ABD7-F5109E8A1066} = {64D0ABF0-8EB1-41FA-ABD7-F5109E8A1066}
		{DFCCDAFD-74CD-453A-A6E1-96E40241E142} = {DFCCDAFD-74CD-453A-A6E1-96E40241E142}
	EndProjectSection
EndProject
Project("{8BC9CEB8-8B4A-11D0-8D11-00A0C91BC942}") = "GtTest_13_BarColumn", "GtTest_13_BarColumn\GtTest_13_BarColumn.vcxproj", "{28226B28-4946-4C2A-997A-2FE0325E0B01}"
EndProject
Global
	GlobalSection(SolutionConfigurationPlatforms) = preSolution
		Debug|Win32 = Debug|Win32
		Release|Win32 = Release|Win32
	EndGlobalSection
	GlobalSection(ProjectConfigurationPlatforms) = postSolution
		{ACF071E2-DCF3-471C-8BAB-8326632FE1F1}.Debug|Win32.ActiveCfg = Debug|Win32
		{ACF071E2-DCF3-471C-8BAB-8326632FE1F1}.Debug|Win32.Build.0 = Debug|Win32
		{ACF071E2-DCF3-471C-8BAB-8326632FE1F1}.Release|Win32.ActiveCfg = Release|Win32
		{ACF071E2-DCF3-471C-8BAB-8326632FE1F1}.Release|Win32.Build.0 = Release|Win32
		{64D0ABF0-8EB1-41FA-ABD7-F5109E8A1066}.Debug|Win32.ActiveCfg = Debug|Win32
		{64D0ABF0-8EB1-41FA-ABD7-F5109E8A1066}.Debug|Win32.Build.0 = Debug|Win32
		{64D0ABF0-8EB1-41FA-ABD7-F5109E8A1066}.Release|Win32.ActiveCfg = Release|Win32
		{64D0ABF0-8EB1-41FA-ABD7-F5109E8A1066}.Release|Win32.Build.0 = Release|Win32
		{DFCCDAFD-74CD-453A-A6E1-96E40241E142}.Debug|Win32.ActiveCfg = Debug|Win32
		{DFCCDAFD-74CD-453A-A6E1-96E40241E142}.Debug|Win32.Build.0 = Debug|Win32
		{DFCCDAFD-74CD-453A-A6E1-96E40241E142}.Release|Win32.ActiveCfg = Release|Win32
		{DFCCDAFD-74CD-453A-A6E1-96E40241E142}.Release|Win32.Build.0 = Release|Win32
		{43584FA4-765A-4146-A97B-F165814C39D4}.Debug|Win32.ActiveCfg = Debug|Win32
		{43584FA4-765A-4146-A97B-F165814C39D4}.Debug|Win32.Build.0 = Debug|Win32
		{43584FA4-765A-4146-A97B-F165814C39D4}.Release|Win32.ActiveCfg = Release|Win32
		{43584FA4-765A-4146-A97B-F165814C39D4}.Release|Win32.Build.0 = Release|Win32
		{38C2DD7A-E447-4CF9-B73E-9E685CADE025}.Debug|Win32.ActiveCfg = Debug|Win32
		{38C2DD7A-E447-4CF9-B73E-9E685CADE025}.Debug|Win32.Build.0 = Debug|Win32
		{38C2DD7A-E447-4CF9-B73E-9E685CADE025}.Release|Win32.ActiveCfg = Release|Win32
		{38C2DD7A-E447-4CF9-B73E-9E685CADE025}.Release|Win32.Build.0 = Release|Win32
		{076898E9-6AA7-4087-9C48-971F3362F256}.Debug|Win32.ActiveCfg = Debug|Win32
		{076898E9-6AA7-4087-9C48-971F3362F256}.Debug|Win32.Build.0 = Debug|Win32
		{076898E9-6AA7-4087-9C48-971F3362F256}.Release|Win32.ActiveCfg = Release|Win32
		{076898E9-6AA7-4087-9C48-971F3362F256}.Release|Win32.Build.0 = Release|Win32
		{75AD41F3-D2E9-4A9E-B6DD-E53EDCDAEA3C}.Debug|Win32.ActiveCfg = Debug|Win32
		{75AD41F3-D2E9-4A9E-B6DD-E53EDCDAEA3C}.Debug|Win32.Build.0 = Debug|Win32
		{75AD41F3-D2E9-4A9E-B6DD-E53EDCDAEA3C}.Release|Win32.ActiveCfg = Release|Win32
		{75AD41F3-D2E9-4A9E-B6DD-E53EDCDAEA3C}.Release|Win32.Build.0 = Release|Win32
		{FD172BDD-1BAF-4C0B-B992-4289F8F7D093}.Debug|Win32.ActiveCfg = Debug|Win32
		{FD172BDD-1BAF-4C0B-B992-4289F8F7D093}.Debug|Win32.Build.0 = Debug|Win32
		{FD172BDD-1BAF-4C0B-B992-4289F8F7D093}.Release|Win32.ActiveCfg = Release|Win32
		{FD172BDD-1BAF-4C0B-B992-4289F8F7D093}.Release|Win32.Build.0 = Release|Win32
		{2C5B4A28-5721-4267-AC35-58815DC6A8EB}.Debug|Win32.ActiveCfg = Debug|Win32
		{2C5B4A28-5721-4267-AC35-58815DC6A8EB}.Debug|Win32.Build.0 = Debug|Win32
		{2C5B4A28-5721-4267-AC35-58815DC6A8EB}.Release|Win32.ActiveCfg = Release|Win32
		{2C5B4A28-5721-4267-AC35-58815DC6A8EB}.Release|Win32.Build.0 = Release|Win32
		{75D8B081-BCA9-42BD-83D0-741545192C3E}.Debug|Win32.ActiveCfg = Debug|Win32
		{75D8B081-BCA9-42BD-83D0-741545192C3E}.Debug|Win32.Build.0 = Debug|Win32
		{75D8B081-BCA9-42BD-83D0-741545192C3E}.Release|Win32.ActiveCfg = Release|Win32
		{75D8B081-BCA9-42BD-83D0-741545192C3E}.Release|Win32.Build.0 = Release|Win32
		{96C65673-04F6-4F45-BC34-9FE0AE38E0EC}.Debug|Win32.ActiveCfg = Debug|Win32
		{96C65673-04F6-4F45-BC34-9FE0AE38E0EC}.Debug|Win32.Build.0 = Debug|Win32
		{96C65673-04F6-4F45-BC34-9FE0AE38E0EC}.Release|Win32.ActiveCfg = Release|Win32
		{96C65673-04F6-4F45-BC34-9FE0AE38E0EC}.Release|Win32.Build.0 = Release|Win32
		{113187FF-681B-4162-9BD7-577C6C2E6489}.Debug|Win32.ActiveCfg = Debug|Win32
		{113187FF-681B-4162-9BD7-577C6C2E6489}.Debug|Win32.Build.0 = Debug|Win32
		{113187FF-681B-4162-9BD7-577C6C2E6489}.Release|Win32.ActiveCfg = Release|Win32
		{113187FF-681B-4162-9BD7-577C6C2E6489}.Release|Win32.Build.0 = Release|Win32
		{96BB4806-0B78-4079-A265-B37C17A2326C}.Debug|Win32.ActiveCfg = Debug|Win32
		{96BB4806-0B78-4079-A265-B37C17A2326C}.Debug|Win32.Build.0 = Debug|Win32
		{96BB4806-0B78-4079-A265-B37C17A2326C}.Release|Win32.ActiveCfg = Release|Win32
		{96BB4806-0B78-4079-A265-B37C17A2326C}.Release|Win32.Build.0 = Release|Win32
		{BC13FFE5-8CB7-4AF5-8095-82D345643E4D}.Debug|Win32.ActiveCfg = Debug|Win32
		{BC13FFE5-8CB7-4AF5-8095-82D345643E4D}.Debug|Win32.Build.0 = Debug|Win32
		{BC13FFE5-8CB7-4AF5-8095-82D345643E4D}.Release|Win32.ActiveCfg = Release|Win32
		{BC13FFE5-8CB7-4AF5-8095-82D345643E4D}.Release|Win32.Build.0 = Release|Win32
		{2053FE8A-2D0E-41E3-92BF-E52C44CCF09D}.Debug|Win32.ActiveCfg = Debug|Win32
		{2053FE8A-2D0E-41E3-92BF-E52C44CCF09D}.Debug|Win32.Build.0 = Debug|Win32
		{2053FE8A-2D0E-41E3-92BF-E52C44CCF09D}.Release|Win32.ActiveCfg = Release|Win32
		{2053FE8A-2D0E-41E3-92BF-E52C44CCF09D}.Release|Win32.Build.0 = Release|Win32
		{10DD2432-39C8-469E-8683-3F0AA413F189}.Debug|Win32.ActiveCfg = Debug|Win32
		{10DD2432-39C8-469E-8683-3F0AA413F189}.Debug|Win32.Build.0 = Debug|Win32
		{10DD2432-39C8-469E-8683-3F0AA413F189}.Release|Win32.ActiveCfg = Release|Win32
		{10DD2432-39C8-469E-8683-3F0AA413F189}.Release|Win32.Build.0 = Release|Win32
		{75AC57DC-B0B8-427E-B2AC-B58701310159}.Debug|Win32.ActiveCfg = Debug|Win32
		{75AC57DC-B0B8-427E-B2AC-B58701310159}.Debug|Win32.Build.0 = Debug|Win32
		{75AC57DC-B0B8-427E-B2AC-B58701310159}.Release|Win32.ActiveCfg = Release|Win32
		{75AC57DC-B0B8-427E-B2AC-B58701310159}.Release|Win32.Build.0 = Release|Win32
		{8F91D016-9759-4EAC-925C-F93687E19E53}.Debug|Win32.ActiveCfg = Debug|Win32
		{8F91D016-9759-4EAC-925C-F93687E19E53}.Debug|Win32.Build.0 = Debug|Win32
		{8F91D016-9759-4EAC-925C-F93687E19E53}.Release|Win32.ActiveCfg = Release|Win32
		{8F91D016-9759-4EAC-925C-F93687E19E53}.Release|Win32.Build.0 = Release|Win32
		{28226B28-4946-4C2A-997A-2FE0325E0B01}.Debug|Win32.ActiveCfg = Debug|Win32
		{28226B28-4946-4C2A-997A-2FE0325E0B01}.Debug|Win32.Build.0 = Debug|Win32
		{28226B28-4946-4C2A-997A-2FE0325E0B01}.Release|Win32.ActiveCfg = Release|Win32
		{28226B28-4946-4C2A-997A-2FE0325E0B01}.Release|Win32.Build.0 = Release|Win32
	EndGlobalSection
	GlobalSection(SolutionProperties) = preSolution
		HideSolutionNode = FALSE
	EndGlobalSection
EndGlobal
