<?xml version="1.0" encoding="utf-8"?>
<Project ToolsVersion="4.0" xmlns="http://schemas.microsoft.com/developer/msbuild/2003">
  <ItemGroup>
    <Filter Include="Source Files">
      <UniqueIdentifier>{4FC737F1-C7A5-4376-A066-2A32D752A2FF}</UniqueIdentifier>
      <Extensions>cpp;c;cc;cxx;def;odl;idl;hpj;bat;asm;asmx</Extensions>
    </Filter>
    <Filter Include="Header Files">
      <UniqueIdentifier>{93995380-89BD-4b04-88EB-625FBE52EBFB}</UniqueIdentifier>
      <Extensions>h;hh;hpp;hxx;hm;inl;inc;xsd</Extensions>
    </Filter>
    <Filter Include="Resource Files">
      <UniqueIdentifier>{67DA6AB6-F800-4c08-8B7A-83BB121AAD01}</UniqueIdentifier>
      <Extensions>rc;ico;cur;bmp;dlg;rc2;rct;bin;rgs;gif;jpg;jpeg;jpe;resx;tiff;tif;png;wav;mfcribbon-ms</Extensions>
    </Filter>
    <Filter Include="Header Files\HtlArchive">
      <UniqueIdentifier>{f0f2bbfa-bff6-4cae-ba73-e25891d96c86}</UniqueIdentifier>
    </Filter>
    <Filter Include="Header Files\HtlAtomic">
      <UniqueIdentifier>{63657eba-1d4d-4980-b933-545693575e60}</UniqueIdentifier>
    </Filter>
    <Filter Include="Header Files\HtlBase">
      <UniqueIdentifier>{3c5cf8e1-001f-4b5f-b9e1-8f0129c51744}</UniqueIdentifier>
    </Filter>
    <Filter Include="Header Files\HtlBiDirContainer">
      <UniqueIdentifier>{524e0f3d-76e4-4533-85f5-3b6985670e9b}</UniqueIdentifier>
    </Filter>
    <Filter Include="Header Files\HtlContainer">
      <UniqueIdentifier>{d50aa9de-62ad-49c1-8930-a0daa6aee420}</UniqueIdentifier>
    </Filter>
    <Filter Include="Header Files\HtlGlobal">
      <UniqueIdentifier>{dc42d107-214f-428d-b196-be0f396c8d52}</UniqueIdentifier>
    </Filter>
    <Filter Include="Header Files\HtlGUID">
      <UniqueIdentifier>{ce8ce93e-675f-41c8-b819-2c596588b422}</UniqueIdentifier>
    </Filter>
    <Filter Include="Header Files\HtlMacro">
      <UniqueIdentifier>{94b191aa-440c-4166-87d5-7d50ec1ef7ad}</UniqueIdentifier>
    </Filter>
    <Filter Include="Header Files\HtlMath">
      <UniqueIdentifier>{afc7668e-656d-4a23-ab36-258c8de9b0f7}</UniqueIdentifier>
    </Filter>
    <Filter Include="Header Files\HtlObject">
      <UniqueIdentifier>{6bc45524-dd92-48ac-bd8e-b8eb65deb87a}</UniqueIdentifier>
    </Filter>
    <Filter Include="Header Files\HtlRandNumGen">
      <UniqueIdentifier>{97595eba-5e49-4c4a-8256-614d1709fd89}</UniqueIdentifier>
    </Filter>
    <Filter Include="Header Files\HtlSignalSlot">
      <UniqueIdentifier>{ade547b3-c27c-4c50-8ae5-93c54d242e82}</UniqueIdentifier>
    </Filter>
    <Filter Include="Header Files\HtlString">
      <UniqueIdentifier>{d59a9bb9-693a-422d-be96-f5bcee0d8a87}</UniqueIdentifier>
    </Filter>
    <Filter Include="Header Files\HtlTest">
      <UniqueIdentifier>{c5056604-aba7-41d8-9662-bb65062db4cb}</UniqueIdentifier>
    </Filter>
    <Filter Include="Header Files\HtlThread">
      <UniqueIdentifier>{9e5125ca-298b-470f-98cd-8f8416b35e98}</UniqueIdentifier>
    </Filter>
    <Filter Include="Header Files\HtlTime">
      <UniqueIdentifier>{a8fa7460-94b0-4ac4-993d-f579a878a196}</UniqueIdentifier>
    </Filter>
    <Filter Include="Source Files\HtlArchive">
      <UniqueIdentifier>{2eb57cbb-632c-45f4-8184-3b69c67cb60e}</UniqueIdentifier>
    </Filter>
    <Filter Include="Source Files\HtlAtomic">
      <UniqueIdentifier>{11efe4a1-fcbf-4495-8010-5d44ed21dd11}</UniqueIdentifier>
    </Filter>
    <Filter Include="Source Files\HtlBase">
      <UniqueIdentifier>{2a920153-cb1e-471e-b7c2-c7d4b30908c3}</UniqueIdentifier>
    </Filter>
    <Filter Include="Source Files\HtlBiDirContainer">
      <UniqueIdentifier>{9d477a25-c051-465f-bcc8-babc474eec53}</UniqueIdentifier>
    </Filter>
    <Filter Include="Source Files\HtlContainer">
      <UniqueIdentifier>{d6ca77a0-3dd2-430a-a02e-2fd9a3de6524}</UniqueIdentifier>
    </Filter>
    <Filter Include="Source Files\HtlGlobal">
      <UniqueIdentifier>{5edbe650-a670-4994-a973-32295b48916f}</UniqueIdentifier>
    </Filter>
    <Filter Include="Source Files\HtlGUID">
      <UniqueIdentifier>{431f5097-73b3-4a13-8539-01bb8dcb4e5e}</UniqueIdentifier>
    </Filter>
    <Filter Include="Source Files\HtlMacro">
      <UniqueIdentifier>{6f6add85-b6c2-449a-9f9c-f2cad4f4dde2}</UniqueIdentifier>
    </Filter>
    <Filter Include="Source Files\HtlMath">
      <UniqueIdentifier>{75b411b5-838d-4275-a35a-d37fe56fc45a}</UniqueIdentifier>
    </Filter>
    <Filter Include="Source Files\HtlObject">
      <UniqueIdentifier>{a042f71a-f6ba-4150-bfef-e7c6b87e3be0}</UniqueIdentifier>
    </Filter>
    <Filter Include="Source Files\HtlRandNumGen">
      <UniqueIdentifier>{e3e83ddc-9765-43d3-b7ba-d941e8a31c9c}</UniqueIdentifier>
    </Filter>
    <Filter Include="Source Files\HtlSignalSlot">
      <UniqueIdentifier>{5829fe79-7002-4f19-8c7a-49e339be2d82}</UniqueIdentifier>
    </Filter>
    <Filter Include="Source Files\HtlString">
      <UniqueIdentifier>{87a885a3-e172-4893-a40e-9516ca2a7e08}</UniqueIdentifier>
    </Filter>
    <Filter Include="Source Files\HtlTest">
      <UniqueIdentifier>{6e7e5460-5cc9-4e0a-b783-a0ad37bd4fe4}</UniqueIdentifier>
    </Filter>
    <Filter Include="Source Files\HtlThread">
      <UniqueIdentifier>{2a0279c6-fa63-417b-93f3-17fa97ea564e}</UniqueIdentifier>
    </Filter>
    <Filter Include="Source Files\HtlTime">
      <UniqueIdentifier>{649b441a-be19-421c-81fa-a94484bc82b9}</UniqueIdentifier>
    </Filter>
    <Filter Include="Source Files\HtlArchive\ArchXDL">
      <UniqueIdentifier>{8f1a8515-af7b-4e2f-a6e4-bada1eb0f7bd}</UniqueIdentifier>
    </Filter>
    <Filter Include="Source Files\HtlArchive\ArchXML">
      <UniqueIdentifier>{ff9caa75-a936-4819-a88c-85facc376eb3}</UniqueIdentifier>
    </Filter>
    <Filter Include="Header Files\HtlArchive\ArchXDL">
      <UniqueIdentifier>{f424f24c-3fe7-4361-89d9-9db2f40e0c24}</UniqueIdentifier>
    </Filter>
    <Filter Include="Header Files\HtlArchive\ArchXML">
      <UniqueIdentifier>{3db6e2a7-1867-45e7-9af1-2b8135560a9b}</UniqueIdentifier>
    </Filter>
    <Filter Include="Header Files\HtlRandNumGen\RandDistGenerators">
      <UniqueIdentifier>{c7bf744c-abfa-472a-bbf4-dc1509804558}</UniqueIdentifier>
    </Filter>
    <Filter Include="Header Files\HtlRandNumGen\RandNumGenerators">
      <UniqueIdentifier>{a5ce1ef9-0d90-4ab0-883d-3b9ce7537a7f}</UniqueIdentifier>
    </Filter>
    <Filter Include="Source Files\HtlRandNumGen\RandDistGenerators">
      <UniqueIdentifier>{1ce99d9e-360f-48bc-8940-2a2f28682026}</UniqueIdentifier>
    </Filter>
    <Filter Include="Source Files\HtlRandNumGen\RandNumGenerators">
      <UniqueIdentifier>{768cd400-2757-4753-b0c7-c571b2de2158}</UniqueIdentifier>
    </Filter>
  </ItemGroup>
  <ItemGroup>
    <ClInclude Include="modHtlArchive.h">
      <Filter>Header Files</Filter>
    </ClInclude>
    <ClInclude Include="modHtlAtomic.h">
      <Filter>Header Files</Filter>
    </ClInclude>
    <ClInclude Include="modHtlBase.h">
      <Filter>Header Files</Filter>
    </ClInclude>
    <ClInclude Include="modHtlBiDirContainer.h">
      <Filter>Header Files</Filter>
    </ClInclude>
    <ClInclude Include="modHtlContainer.h">
      <Filter>Header Files</Filter>
    </ClInclude>
    <ClInclude Include="modHtlGlobal.h">
      <Filter>Header Files</Filter>
    </ClInclude>
    <ClInclude Include="modHtlGUID.h">
      <Filter>Header Files</Filter>
    </ClInclude>
    <ClInclude Include="modHtlLibRefs.h">
      <Filter>Header Files</Filter>
    </ClInclude>
    <ClInclude Include="modHtlMacro.h">
      <Filter>Header Files</Filter>
    </ClInclude>
    <ClInclude Include="modHtlMath.h">
      <Filter>Header Files</Filter>
    </ClInclude>
    <ClInclude Include="modHtlObject.h">
      <Filter>Header Files</Filter>
    </ClInclude>
    <ClInclude Include="modHtlRandNumGen.h">
      <Filter>Header Files</Filter>
    </ClInclude>
    <ClInclude Include="modHtlSignalSlot.h">
      <Filter>Header Files</Filter>
    </ClInclude>
    <ClInclude Include="modHtlString.h">
      <Filter>Header Files</Filter>
    </ClInclude>
    <ClInclude Include="modHtlTest.h">
      <Filter>Header Files</Filter>
    </ClInclude>
    <ClInclude Include="modHtlThread.h">
      <Filter>Header Files</Filter>
    </ClInclude>
    <ClInclude Include="modHtlTime.h">
      <Filter>Header Files</Filter>
    </ClInclude>
    <ClInclude Include="HtlArchive\HtlAttribute.h">
      <Filter>Header Files\HtlArchive</Filter>
    </ClInclude>
    <ClInclude Include="HtlArchive\HtlComment.h">
      <Filter>Header Files\HtlArchive</Filter>
    </ClInclude>
    <ClInclude Include="HtlArchive\HtlDocument.h">
      <Filter>Header Files\HtlArchive</Filter>
    </ClInclude>
    <ClInclude Include="HtlArchive\HtlElement.h">
      <Filter>Header Files\HtlArchive</Filter>
    </ClInclude>
    <ClInclude Include="HtlArchive\HtlMemVar.h">
      <Filter>Header Files\HtlArchive</Filter>
    </ClInclude>
    <ClInclude Include="HtlArchive\HtlMemVarItem.h">
      <Filter>Header Files\HtlArchive</Filter>
    </ClInclude>
    <ClInclude Include="HtlArchive\HtlNode.h">
      <Filter>Header Files\HtlArchive</Filter>
    </ClInclude>
    <ClInclude Include="HtlArchive\HtlProcess.h">
      <Filter>Header Files\HtlArchive</Filter>
    </ClInclude>
    <ClInclude Include="HtlArchive\ArchXDL\HtlXDLReader.h">
      <Filter>Header Files\HtlArchive\ArchXDL</Filter>
    </ClInclude>
    <ClInclude Include="HtlArchive\ArchXDL\HtlXDLStructs.h">
      <Filter>Header Files\HtlArchive\ArchXDL</Filter>
    </ClInclude>
    <ClInclude Include="HtlArchive\ArchXDL\HtlXDLWriter.h">
      <Filter>Header Files\HtlArchive\ArchXDL</Filter>
    </ClInclude>
    <ClInclude Include="HtlArchive\ArchXML\HtlXMLReader.h">
      <Filter>Header Files\HtlArchive\ArchXML</Filter>
    </ClInclude>
    <ClInclude Include="HtlArchive\ArchXML\HtlXMLStructs.h">
      <Filter>Header Files\HtlArchive\ArchXML</Filter>
    </ClInclude>
    <ClInclude Include="HtlArchive\ArchXML\HtlXMLWriter.h">
      <Filter>Header Files\HtlArchive\ArchXML</Filter>
    </ClInclude>
    <ClInclude Include="HtlAtomic\HtlAtomic.h">
      <Filter>Header Files\HtlAtomic</Filter>
    </ClInclude>
    <ClInclude Include="HtlBase\Htl1DIndex.h">
      <Filter>Header Files\HtlBase</Filter>
    </ClInclude>
    <ClInclude Include="HtlBase\Htl2DIndex.h">
      <Filter>Header Files\HtlBase</Filter>
    </ClInclude>
    <ClInclude Include="HtlBase\Htl3DIndex.h">
      <Filter>Header Files\HtlBase</Filter>
    </ClInclude>
    <ClInclude Include="HtlBase\HtlBase.h">
      <Filter>Header Files\HtlBase</Filter>
    </ClInclude>
    <ClInclude Include="HtlBase\HtlBaseFactory.h">
      <Filter>Header Files\HtlBase</Filter>
    </ClInclude>
    <ClInclude Include="HtlBase\HtlFactory.h">
      <Filter>Header Files\HtlBase</Filter>
    </ClInclude>
    <ClInclude Include="HtlBiDirContainer\HtlAggregateManager.h">
      <Filter>Header Files\HtlBiDirContainer</Filter>
    </ClInclude>
    <ClInclude Include="HtlBiDirContainer\HtlCompositeManager.h">
      <Filter>Header Files\HtlBiDirContainer</Filter>
    </ClInclude>
    <ClInclude Include="HtlBiDirContainer\HtlObjectAggPtr.h">
      <Filter>Header Files\HtlBiDirContainer</Filter>
    </ClInclude>
    <ClInclude Include="HtlBiDirContainer\HtlObjectCompPtr.h">
      <Filter>Header Files\HtlBiDirContainer</Filter>
    </ClInclude>
    <ClInclude Include="HtlBiDirContainer\modHtlCollectionAccessors.h">
      <Filter>Header Files\HtlBiDirContainer</Filter>
    </ClInclude>
    <ClInclude Include="HtlContainer\Htl1DList.h">
      <Filter>Header Files\HtlContainer</Filter>
    </ClInclude>
    <ClInclude Include="HtlContainer\Htl1DVector.h">
      <Filter>Header Files\HtlContainer</Filter>
    </ClInclude>
    <ClInclude Include="HtlContainer\Htl2DArray.h">
      <Filter>Header Files\HtlContainer</Filter>
    </ClInclude>
    <ClInclude Include="HtlContainer\Htl3DMatrix.h">
      <Filter>Header Files\HtlContainer</Filter>
    </ClInclude>
    <ClInclude Include="HtlContainer\HtlContainer.h">
      <Filter>Header Files\HtlContainer</Filter>
    </ClInclude>
    <ClInclude Include="HtlContainer\HtlListMap.h">
      <Filter>Header Files\HtlContainer</Filter>
    </ClInclude>
    <ClInclude Include="HtlContainer\HtlListNode.h">
      <Filter>Header Files\HtlContainer</Filter>
    </ClInclude>
    <ClInclude Include="HtlContainer\HtlMap.h">
      <Filter>Header Files\HtlContainer</Filter>
    </ClInclude>
    <ClInclude Include="HtlContainer\HtlTreeNode.h">
      <Filter>Header Files\HtlContainer</Filter>
    </ClInclude>
    <ClInclude Include="HtlContainer\HtlVectorNode.h">
      <Filter>Header Files\HtlContainer</Filter>
    </ClInclude>
    <ClInclude Include="HtlGlobal\HtlDebugPrinter.h">
      <Filter>Header Files\HtlGlobal</Filter>
    </ClInclude>
    <ClInclude Include="HtlGlobal\HtlEnums.h">
      <Filter>Header Files\HtlGlobal</Filter>
    </ClInclude>
    <ClInclude Include="HtlGlobal\HtlMemAlloc.h">
      <Filter>Header Files\HtlGlobal</Filter>
    </ClInclude>
    <ClInclude Include="HtlGlobal\HtlStructs.h">
      <Filter>Header Files\HtlGlobal</Filter>
    </ClInclude>
    <ClInclude Include="HtlGlobal\HtlTypeInfo.h">
      <Filter>Header Files\HtlGlobal</Filter>
    </ClInclude>
    <ClInclude Include="HtlGUID\HtlGUID32.h">
      <Filter>Header Files\HtlGUID</Filter>
    </ClInclude>
    <ClInclude Include="HtlGUID\HtlGUID64.h">
      <Filter>Header Files\HtlGUID</Filter>
    </ClInclude>
    <ClInclude Include="HtlGUID\HtlGUID128.h">
      <Filter>Header Files\HtlGUID</Filter>
    </ClInclude>
    <ClInclude Include="HtlGUID\HtlGUID256.h">
      <Filter>Header Files\HtlGUID</Filter>
    </ClInclude>
    <ClInclude Include="HtlMacro\modAccessorMacros.h">
      <Filter>Header Files\HtlMacro</Filter>
    </ClInclude>
    <ClInclude Include="HtlMacro\modHtlMacros.h">
      <Filter>Header Files\HtlMacro</Filter>
    </ClInclude>
    <ClInclude Include="HtlMacro\modMemVarMacros.h">
      <Filter>Header Files\HtlMacro</Filter>
    </ClInclude>
    <ClInclude Include="HtlMath\HtlBasicMath.h">
      <Filter>Header Files\HtlMath</Filter>
    </ClInclude>
    <ClInclude Include="HtlObject\HtlObject.h">
      <Filter>Header Files\HtlObject</Filter>
    </ClInclude>
    <ClInclude Include="HtlObject\HtlObjectMap.h">
      <Filter>Header Files\HtlObject</Filter>
    </ClInclude>
    <ClInclude Include="HtlRandNumGen\HtlRandNumDist.h">
      <Filter>Header Files\HtlRandNumGen</Filter>
    </ClInclude>
    <ClInclude Include="HtlRandNumGen\HtlRandNumGen.h">
      <Filter>Header Files\HtlRandNumGen</Filter>
    </ClInclude>
    <ClInclude Include="HtlRandNumGen\RandNumGenerators\HtlLCGenerator.h">
      <Filter>Header Files\HtlRandNumGen\RandNumGenerators</Filter>
    </ClInclude>
    <ClInclude Include="HtlRandNumGen\RandNumGenerators\HtlMersenneGenerator.h">
      <Filter>Header Files\HtlRandNumGen\RandNumGenerators</Filter>
    </ClInclude>
    <ClInclude Include="HtlRandNumGen\RandNumGenerators\HtlMLCGenerator.h">
      <Filter>Header Files\HtlRandNumGen\RandNumGenerators</Filter>
    </ClInclude>
    <ClInclude Include="HtlRandNumGen\RandDistGenerators\HtlExponential.h">
      <Filter>Header Files\HtlRandNumGen\RandDistGenerators</Filter>
    </ClInclude>
    <ClInclude Include="HtlRandNumGen\RandDistGenerators\HtlGamma.h">
      <Filter>Header Files\HtlRandNumGen\RandDistGenerators</Filter>
    </ClInclude>
    <ClInclude Include="HtlRandNumGen\RandDistGenerators\HtlGaussian.h">
      <Filter>Header Files\HtlRandNumGen\RandDistGenerators</Filter>
    </ClInclude>
    <ClInclude Include="HtlRandNumGen\RandDistGenerators\HtlPoisson.h">
      <Filter>Header Files\HtlRandNumGen\RandDistGenerators</Filter>
    </ClInclude>
    <ClInclude Include="HtlRandNumGen\RandDistGenerators\HtlUniform.h">
      <Filter>Header Files\HtlRandNumGen\RandDistGenerators</Filter>
    </ClInclude>
    <ClInclude Include="HtlSignalSlot\HtlConnection00.h">
      <Filter>Header Files\HtlSignalSlot</Filter>
    </ClInclude>
    <ClInclude Include="HtlSignalSlot\HtlConnection01.h">
      <Filter>Header Files\HtlSignalSlot</Filter>
    </ClInclude>
    <ClInclude Include="HtlSignalSlot\HtlConnection02.h">
      <Filter>Header Files\HtlSignalSlot</Filter>
    </ClInclude>
    <ClInclude Include="HtlSignalSlot\HtlConnection03.h">
      <Filter>Header Files\HtlSignalSlot</Filter>
    </ClInclude>
    <ClInclude Include="HtlSignalSlot\HtlSignal.h">
      <Filter>Header Files\HtlSignalSlot</Filter>
    </ClInclude>
    <ClInclude Include="HtlSignalSlot\HtlSignal00.h">
      <Filter>Header Files\HtlSignalSlot</Filter>
    </ClInclude>
    <ClInclude Include="HtlSignalSlot\HtlSignal01.h">
      <Filter>Header Files\HtlSignalSlot</Filter>
    </ClInclude>
    <ClInclude Include="HtlSignalSlot\HtlSignal02.h">
      <Filter>Header Files\HtlSignalSlot</Filter>
    </ClInclude>
    <ClInclude Include="HtlSignalSlot\HtlSignal03.h">
      <Filter>Header Files\HtlSignalSlot</Filter>
    </ClInclude>
    <ClInclude Include="HtlSignalSlot\HtlSlot.h">
      <Filter>Header Files\HtlSignalSlot</Filter>
    </ClInclude>
    <ClInclude Include="HtlString\HtlString.h">
      <Filter>Header Files\HtlString</Filter>
    </ClInclude>
    <ClInclude Include="HtlString\HtlStringAlgorithms.h">
      <Filter>Header Files\HtlString</Filter>
    </ClInclude>
    <ClInclude Include="HtlString\StlStringAlgorithms.h">
      <Filter>Header Files\HtlString</Filter>
    </ClInclude>
    <ClInclude Include="HtlTest\HtlTestApp.h">
      <Filter>Header Files\HtlTest</Filter>
    </ClInclude>
    <ClInclude Include="HtlTest\HtlTestFactory.h">
      <Filter>Header Files\HtlTest</Filter>
    </ClInclude>
    <ClInclude Include="HtlTest\HtlTestNode.h">
      <Filter>Header Files\HtlTest</Filter>
    </ClInclude>
    <ClInclude Include="HtlThread\HtlMutex.h">
      <Filter>Header Files\HtlThread</Filter>
    </ClInclude>
    <ClInclude Include="HtlThread\HtlSpinLock.h">
      <Filter>Header Files\HtlThread</Filter>
    </ClInclude>
    <ClInclude Include="HtlThread\HtlThread.h">
      <Filter>Header Files\HtlThread</Filter>
    </ClInclude>
    <ClInclude Include="HtlThread\HtlThreadData.h">
      <Filter>Header Files\HtlThread</Filter>
    </ClInclude>
    <ClInclude Include="HtlThread\HtlThreadMap.h">
      <Filter>Header Files\HtlThread</Filter>
    </ClInclude>
    <ClInclude Include="HtlTime\HtlStopWatch.h">
      <Filter>Header Files\HtlTime</Filter>
    </ClInclude>
    <ClInclude Include="HtlTime\HtlTimeBase.h">
      <Filter>Header Files\HtlTime</Filter>
    </ClInclude>
    <ClInclude Include="HtlTime\HtlTimer.h">
      <Filter>Header Files\HtlTime</Filter>
    </ClInclude>
    <ClInclude Include="HtlContainer\StlMap.h">
      <Filter>Header Files\HtlContainer</Filter>
    </ClInclude>
    <ClInclude Include="HtlContainer\StlVector.h">
      <Filter>Header Files\HtlContainer</Filter>
    </ClInclude>
  </ItemGroup>
  <ItemGroup>
    <ClCompile Include="HtlArchive\HtlAttribute.cpp">
      <Filter>Source Files\HtlArchive</Filter>
    </ClCompile>
    <ClCompile Include="HtlArchive\HtlComment.cpp">
      <Filter>Source Files\HtlArchive</Filter>
    </ClCompile>
    <ClCompile Include="HtlArchive\HtlDocument.cpp">
      <Filter>Source Files\HtlArchive</Filter>
    </ClCompile>
    <ClCompile Include="HtlArchive\HtlElement.cpp">
      <Filter>Source Files\HtlArchive</Filter>
    </ClCompile>
    <ClCompile Include="HtlArchive\HtlMemVar.cpp">
      <Filter>Source Files\HtlArchive</Filter>
    </ClCompile>
    <ClCompile Include="HtlArchive\HtlMemVarItem.cpp">
      <Filter>Source Files\HtlArchive</Filter>
    </ClCompile>
    <ClCompile Include="HtlArchive\HtlNode.cpp">
      <Filter>Source Files\HtlArchive</Filter>
    </ClCompile>
    <ClCompile Include="HtlArchive\HtlProcess.cpp">
      <Filter>Source Files\HtlArchive</Filter>
    </ClCompile>
    <ClCompile Include="HtlArchive\ArchXDL\HtlXDLReader.cpp">
      <Filter>Source Files\HtlArchive\ArchXDL</Filter>
    </ClCompile>
    <ClCompile Include="HtlArchive\ArchXDL\HtlXDLStructs.cpp">
      <Filter>Source Files\HtlArchive\ArchXDL</Filter>
    </ClCompile>
    <ClCompile Include="HtlArchive\ArchXDL\HtlXDLWriter.cpp">
      <Filter>Source Files\HtlArchive\ArchXDL</Filter>
    </ClCompile>
    <ClCompile Include="HtlArchive\ArchXML\HtlXMLReader.cpp">
      <Filter>Source Files\HtlArchive\ArchXML</Filter>
    </ClCompile>
    <ClCompile Include="HtlArchive\ArchXML\HtlXMLStructs.cpp">
      <Filter>Source Files\HtlArchive\ArchXML</Filter>
    </ClCompile>
    <ClCompile Include="HtlArchive\ArchXML\HtlXMLWriter.cpp">
      <Filter>Source Files\HtlArchive\ArchXML</Filter>
    </ClCompile>
    <ClCompile Include="HtlAtomic\HtlAtomic.cpp">
      <Filter>Source Files\HtlAtomic</Filter>
    </ClCompile>
    <ClCompile Include="HtlBase\Htl1DIndex.cpp">
      <Filter>Source Files\HtlBase</Filter>
    </ClCompile>
    <ClCompile Include="HtlBase\Htl2DIndex.cpp">
      <Filter>Source Files\HtlBase</Filter>
    </ClCompile>
    <ClCompile Include="HtlBase\Htl3DIndex.cpp">
      <Filter>Source Files\HtlBase</Filter>
    </ClCompile>
    <ClCompile Include="HtlBase\HtlBase.cpp">
      <Filter>Source Files\HtlBase</Filter>
    </ClCompile>
    <ClCompile Include="HtlBase\HtlBaseFactory.cpp">
      <Filter>Source Files\HtlBase</Filter>
    </ClCompile>
    <ClCompile Include="HtlBase\HtlFactory.cpp">
      <Filter>Source Files\HtlBase</Filter>
    </ClCompile>
    <ClCompile Include="HtlBiDirContainer\HtlAggregateManager.cpp">
      <Filter>Source Files\HtlBiDirContainer</Filter>
    </ClCompile>
    <ClCompile Include="HtlBiDirContainer\HtlCompositeManager.cpp">
      <Filter>Source Files\HtlBiDirContainer</Filter>
    </ClCompile>
    <ClCompile Include="HtlBiDirContainer\HtlObjectAggPtr.cpp">
      <Filter>Source Files\HtlBiDirContainer</Filter>
    </ClCompile>
    <ClCompile Include="HtlBiDirContainer\HtlObjectCompPtr.cpp">
      <Filter>Source Files\HtlBiDirContainer</Filter>
    </ClCompile>
    <ClCompile Include="HtlContainer\Htl1DList.cpp">
      <Filter>Source Files\HtlContainer</Filter>
    </ClCompile>
    <ClCompile Include="HtlContainer\Htl1DVector.cpp">
      <Filter>Source Files\HtlContainer</Filter>
    </ClCompile>
    <ClCompile Include="HtlContainer\Htl2DArray.cpp">
      <Filter>Source Files\HtlContainer</Filter>
    </ClCompile>
    <ClCompile Include="HtlContainer\Htl3DMatrix.cpp">
      <Filter>Source Files\HtlContainer</Filter>
    </ClCompile>
    <ClCompile Include="HtlContainer\HtlContainer.cpp">
      <Filter>Source Files\HtlContainer</Filter>
    </ClCompile>
    <ClCompile Include="HtlContainer\HtlListMap.cpp">
      <Filter>Source Files\HtlContainer</Filter>
    </ClCompile>
    <ClCompile Include="HtlContainer\HtlListNode.cpp">
      <Filter>Source Files\HtlContainer</Filter>
    </ClCompile>
    <ClCompile Include="HtlContainer\HtlMap.cpp">
      <Filter>Source Files\HtlContainer</Filter>
    </ClCompile>
    <ClCompile Include="HtlContainer\HtlTreeNode.cpp">
      <Filter>Source Files\HtlContainer</Filter>
    </ClCompile>
    <ClCompile Include="HtlContainer\HtlVectorNode.cpp">
      <Filter>Source Files\HtlContainer</Filter>
    </ClCompile>
    <ClCompile Include="HtlGlobal\HtlDebugPrinter.cpp">
      <Filter>Source Files\HtlGlobal</Filter>
    </ClCompile>
    <ClCompile Include="HtlGlobal\HtlEnums.cpp">
      <Filter>Source Files\HtlGlobal</Filter>
    </ClCompile>
    <ClCompile Include="HtlGlobal\HtlMemAlloc.cpp">
      <Filter>Source Files\HtlGlobal</Filter>
    </ClCompile>
    <ClCompile Include="HtlGlobal\HtlStructs.cpp">
      <Filter>Source Files\HtlGlobal</Filter>
    </ClCompile>
    <ClCompile Include="HtlGlobal\HtlTypeInfo.cpp">
      <Filter>Source Files\HtlGlobal</Filter>
    </ClCompile>
    <ClCompile Include="HtlGUID\HtlGUID32.cpp">
      <Filter>Source Files\HtlGUID</Filter>
    </ClCompile>
    <ClCompile Include="HtlGUID\HtlGUID64.cpp">
      <Filter>Source Files\HtlGUID</Filter>
    </ClCompile>
    <ClCompile Include="HtlGUID\HtlGUID128.cpp">
      <Filter>Source Files\HtlGUID</Filter>
    </ClCompile>
    <ClCompile Include="HtlGUID\HtlGUID256.cpp">
      <Filter>Source Files\HtlGUID</Filter>
    </ClCompile>
    <ClCompile Include="HtlMath\HtlBasicMath.cpp">
      <Filter>Source Files\HtlMath</Filter>
    </ClCompile>
    <ClCompile Include="HtlObject\HtlObject.cpp">
      <Filter>Source Files\HtlObject</Filter>
    </ClCompile>
    <ClCompile Include="HtlObject\HtlObjectMap.cpp">
      <Filter>Source Files\HtlObject</Filter>
    </ClCompile>
    <ClCompile Include="HtlRandNumGen\HtlRandNumDist.cpp">
      <Filter>Source Files\HtlRandNumGen</Filter>
    </ClCompile>
    <ClCompile Include="HtlRandNumGen\HtlRandNumGen.cpp">
      <Filter>Source Files\HtlRandNumGen</Filter>
    </ClCompile>
    <ClCompile Include="HtlRandNumGen\RandNumGenerators\HtlLCGenerator.cpp">
      <Filter>Source Files\HtlRandNumGen\RandNumGenerators</Filter>
    </ClCompile>
    <ClCompile Include="HtlRandNumGen\RandNumGenerators\HtlMersenneGenerator.cpp">
      <Filter>Source Files\HtlRandNumGen\RandNumGenerators</Filter>
    </ClCompile>
    <ClCompile Include="HtlRandNumGen\RandNumGenerators\HtlMLCGenerator.cpp">
      <Filter>Source Files\HtlRandNumGen\RandNumGenerators</Filter>
    </ClCompile>
    <ClCompile Include="HtlRandNumGen\RandDistGenerators\HtlExponential.cpp">
      <Filter>Source Files\HtlRandNumGen\RandDistGenerators</Filter>
    </ClCompile>
    <ClCompile Include="HtlRandNumGen\RandDistGenerators\HtlGamma.cpp">
      <Filter>Source Files\HtlRandNumGen\RandDistGenerators</Filter>
    </ClCompile>
    <ClCompile Include="HtlRandNumGen\RandDistGenerators\HtlGaussian.cpp">
      <Filter>Source Files\HtlRandNumGen\RandDistGenerators</Filter>
    </ClCompile>
    <ClCompile Include="HtlRandNumGen\RandDistGenerators\HtlPoisson.cpp">
      <Filter>Source Files\HtlRandNumGen\RandDistGenerators</Filter>
    </ClCompile>
    <ClCompile Include="HtlRandNumGen\RandDistGenerators\HtlUniform.cpp">
      <Filter>Source Files\HtlRandNumGen\RandDistGenerators</Filter>
    </ClCompile>
    <ClCompile Include="HtlSignalSlot\HtlConnection00.cpp">
      <Filter>Source Files\HtlSignalSlot</Filter>
    </ClCompile>
    <ClCompile Include="HtlSignalSlot\HtlConnection01.cpp">
      <Filter>Source Files\HtlSignalSlot</Filter>
    </ClCompile>
    <ClCompile Include="HtlSignalSlot\HtlConnection02.cpp">
      <Filter>Source Files\HtlSignalSlot</Filter>
    </ClCompile>
    <ClCompile Include="HtlSignalSlot\HtlConnection03.cpp">
      <Filter>Source Files\HtlSignalSlot</Filter>
    </ClCompile>
    <ClCompile Include="HtlSignalSlot\HtlSignal.cpp">
      <Filter>Source Files\HtlSignalSlot</Filter>
    </ClCompile>
    <ClCompile Include="HtlSignalSlot\HtlSignal00.cpp">
      <Filter>Source Files\HtlSignalSlot</Filter>
    </ClCompile>
    <ClCompile Include="HtlSignalSlot\HtlSignal01.cpp">
      <Filter>Source Files\HtlSignalSlot</Filter>
    </ClCompile>
    <ClCompile Include="HtlSignalSlot\HtlSignal02.cpp">
      <Filter>Source Files\HtlSignalSlot</Filter>
    </ClCompile>
    <ClCompile Include="HtlSignalSlot\HtlSignal03.cpp">
      <Filter>Source Files\HtlSignalSlot</Filter>
    </ClCompile>
    <ClCompile Include="HtlSignalSlot\HtlSlot.cpp">
      <Filter>Source Files\HtlSignalSlot</Filter>
    </ClCompile>
    <ClCompile Include="HtlString\HtlString.cpp">
      <Filter>Source Files\HtlString</Filter>
    </ClCompile>
    <ClCompile Include="HtlString\HtlStringAlgorithms.cpp">
      <Filter>Source Files\HtlString</Filter>
    </ClCompile>
    <ClCompile Include="HtlString\StlStringAlgorithms.cpp">
      <Filter>Source Files\HtlString</Filter>
    </ClCompile>
    <ClCompile Include="HtlTest\HtlTestApp.cpp">
      <Filter>Source Files\HtlTest</Filter>
    </ClCompile>
    <ClCompile Include="HtlTest\HtlTestFactory.cpp">
      <Filter>Source Files\HtlTest</Filter>
    </ClCompile>
    <ClCompile Include="HtlTest\HtlTestNode.cpp">
      <Filter>Source Files\HtlTest</Filter>
    </ClCompile>
    <ClCompile Include="HtlThread\HtlMutex.cpp">
      <Filter>Source Files\HtlThread</Filter>
    </ClCompile>
    <ClCompile Include="HtlThread\HtlSpinLock.cpp">
      <Filter>Source Files\HtlThread</Filter>
    </ClCompile>
    <ClCompile Include="HtlThread\HtlThread.cpp">
      <Filter>Source Files\HtlThread</Filter>
    </ClCompile>
    <ClCompile Include="HtlThread\HtlThreadData.cpp">
      <Filter>Source Files\HtlThread</Filter>
    </ClCompile>
    <ClCompile Include="HtlThread\HtlThreadMap.cpp">
      <Filter>Source Files\HtlThread</Filter>
    </ClCompile>
    <ClCompile Include="HtlTime\HtlStopWatch.cpp">
      <Filter>Source Files\HtlTime</Filter>
    </ClCompile>
    <ClCompile Include="HtlTime\HtlTimeBase.cpp">
      <Filter>Source Files\HtlTime</Filter>
    </ClCompile>
    <ClCompile Include="HtlTime\HtlTimer.cpp">
      <Filter>Source Files\HtlTime</Filter>
    </ClCompile>
    <ClCompile Include="HtlContainer\StlMap.cpp">
      <Filter>Source Files\HtlContainer</Filter>
    </ClCompile>
    <ClCompile Include="HtlContainer\StlVector.cpp">
      <Filter>Source Files\HtlContainer</Filter>
    </ClCompile>
  </ItemGroup>
</Project>